
Microsoft Visual Studio Solution File, Format Version 12.00
# Visual Studio Version 16
VisualStudioVersion = 16.0.30011.22
MinimumVisualStudioVersion = 10.0.40219.1
Project("{FAE04EC0-301F-11D3-BF4B-00C04F79EFBC}") = "Entidades", "Entidades\Entidades.csproj", "{623A0C5D-DB09-4618-A2AF-A53C4CD94352}"
EndProject
Project("{FAE04EC0-301F-11D3-BF4B-00C04F79EFBC}") = "UnitTestProject2", "UnitTestProject2\UnitTestProject2.csproj", "{48CD65BA-1134-47BD-92E2-DF3058A0B566}"
EndProject
Project("{FAE04EC0-301F-11D3-BF4B-00C04F79EFBC}") = "MainCorreo", "MainCorreo\MainCorreo.csproj", "{EB4513F7-E8B7-418A-AFFB-7C687F6A7F73}"
EndProject
Global
	GlobalSection(SolutionConfigurationPlatforms) = preSolution
		Debug|Any CPU = Debug|Any CPU
		Release|Any CPU = Release|Any CPU
	EndGlobalSection
	GlobalSection(ProjectConfigurationPlatforms) = postSolution
		{623A0C5D-DB09-4618-A2AF-A53C4CD94352}.Debug|Any CPU.ActiveCfg = Debug|Any CPU
		{623A0C5D-DB09-4618-A2AF-A53C4CD94352}.Debug|Any CPU.Build.0 = Debug|Any CPU
		{623A0C5D-DB09-4618-A2AF-A53C4CD94352}.Release|Any CPU.ActiveCfg = Release|Any CPU
		{623A0C5D-DB09-4618-A2AF-A53C4CD94352}.Release|Any CPU.Build.0 = Release|Any CPU
		{48CD65BA-1134-47BD-92E2-DF3058A0B566}.Debug|Any CPU.ActiveCfg = Debug|Any CPU
		{48CD65BA-1134-47BD-92E2-DF3058A0B566}.Debug|Any CPU.Build.0 = Debug|Any CPU
		{48CD65BA-1134-47BD-92E2-DF3058A0B566}.Release|Any CPU.ActiveCfg = Release|Any CPU
		{48CD65BA-1134-47BD-92E2-DF3058A0B566}.Release|Any CPU.Build.0 = Release|Any CPU
		{EB4513F7-E8B7-418A-AFFB-7C687F6A7F73}.Debug|Any CPU.ActiveCfg = Debug|Any CPU
		{EB4513F7-E8B7-418A-AFFB-7C687F6A7F73}.Debug|Any CPU.Build.0 = Debug|Any CPU
		{EB4513F7-E8B7-418A-AFFB-7C687F6A7F73}.Release|Any CPU.ActiveCfg = Release|Any CPU
		{EB4513F7-E8B7-418A-AFFB-7C687F6A7F73}.Release|Any CPU.Build.0 = Release|Any CPU
	EndGlobalSection
	GlobalSection(SolutionProperties) = preSolution
		HideSolutionNode = FALSE
	EndGlobalSection
	GlobalSection(ExtensibilityGlobals) = postSolution
		SolutionGuid = {263FA3ED-9C1A-4402-B99F-896E7E4395B7}
	EndGlobalSection
EndGlobal
